
Microsoft Visual Studio Solution File, Format Version 12.00
# Visual Studio Version 17
VisualStudioVersion = 17.5.002.0
MinimumVisualStudioVersion = 10.0.40219.1
Project("{9A19103F-16F7-4668-BE54-9A1E7A4F7556}") = "mywebapp", "mywebapp.csproj", "{BB769123-02C3-4827-9C13-AAF010F5A1DE}"
EndProject
Global
	GlobalSection(SolutionConfigurationPlatforms) = preSolution
		Debug|Any CPU = Debug|Any CPU
		Release|Any CPU = Release|Any CPU
	EndGlobalSection
	GlobalSection(ProjectConfigurationPlatforms) = postSolution
		{BB769123-02C3-4827-9C13-AAF010F5A1DE}.Debug|Any CPU.ActiveCfg = Debug|Any CPU
		{BB769123-02C3-4827-9C13-AAF010F5A1DE}.Debug|Any CPU.Build.0 = Debug|Any CPU
		{BB769123-02C3-4827-9C13-AAF010F5A1DE}.Release|Any CPU.ActiveCfg = Release|Any CPU
		{BB769123-02C3-4827-9C13-AAF010F5A1DE}.Release|Any CPU.Build.0 = Release|Any CPU
	EndGlobalSection
	GlobalSection(SolutionProperties) = preSolution
		HideSolutionNode = FALSE
	EndGlobalSection
	GlobalSection(ExtensibilityGlobals) = postSolution
		SolutionGuid = {FD31F997-5CD4-43D3-BA91-9636F74CFC26}
	EndGlobalSection
EndGlobal
